{
  "object": {
    "pins": [
      {
        "package": "FRadioPlayer",
        "repositoryURL": "https://github.com/fethica/FRadioPlayer",
        "state": {
          "branch": null,
          "revision": "983817334905e438ea7eba9411311cce4258197c",
          "version": "0.1.22"
        }
      },
      {
        "package": "RxSwift",
        "repositoryURL": "https://github.com/ReactiveX/RxSwift",
        "state": {
          "branch": null,
          "revision": "b4307ba0b6425c0ba4178e138799946c3da594f8",
          "version": "6.5.0"
        }
      }
    ]
  },
  "version": 1
}
