// !$*UTF8*$!
{
	archiveVersion = 1;
	classes = {
	};
	objectVersion = 55;
	objects = {

/* Begin PBXBuildFile section */
		E5E0255A278A2C9C000680F9 /* AppDelegate.swift in Sources */ = {isa = PBXBuildFile; fileRef = E5E02559278A2C9C000680F9 /* AppDelegate.swift */; };
		E5E0255C278A2C9C000680F9 /* SceneDelegate.swift in Sources */ = {isa = PBXBuildFile; fileRef = E5E0255B278A2C9C000680F9 /* SceneDelegate.swift */; };
		E5E02563278A2C9D000680F9 /* Assets.xcassets in Resources */ = {isa = PBXBuildFile; fileRef = E5E02562278A2C9D000680F9 /* Assets.xcassets */; };
		E5E02566278A2C9D000680F9 /* LaunchScreen.storyboard in Resources */ = {isa = PBXBuildFile; fileRef = E5E02564278A2C9D000680F9 /* LaunchScreen.storyboard */; };
		E5E52A4E278B1DB400E0516B /* ContentFactory.swift in Sources */ = {isa = PBXBuildFile; fileRef = E5E52A4D278B1DB400E0516B /* ContentFactory.swift */; };
		E5E52A50278B1ED400E0516B /* TabBarManager.swift in Sources */ = {isa = PBXBuildFile; fileRef = E5E52A4F278B1ED400E0516B /* TabBarManager.swift */; };
		E5E52A52278B22F800E0516B /* content.json in Resources */ = {isa = PBXBuildFile; fileRef = E5E52A51278B22F800E0516B /* content.json */; };
		E5E52A54278B47A000E0516B /* ItemsContentModel.swift in Sources */ = {isa = PBXBuildFile; fileRef = E5E52A53278B47A000E0516B /* ItemsContentModel.swift */; };
		E5E52A56278B482E00E0516B /* RadioPlayerViewController.swift in Sources */ = {isa = PBXBuildFile; fileRef = E5E52A55278B482E00E0516B /* RadioPlayerViewController.swift */; };
		E5E52A58278B484800E0516B /* WebviewViewController.swift in Sources */ = {isa = PBXBuildFile; fileRef = E5E52A57278B484800E0516B /* WebviewViewController.swift */; };
/* End PBXBuildFile section */

/* Begin PBXFileReference section */
		E5E02556278A2C9C000680F9 /* Universal-App.app */ = {isa = PBXFileReference; explicitFileType = wrapper.application; includeInIndex = 0; path = "Universal-App.app"; sourceTree = BUILT_PRODUCTS_DIR; };
		E5E02559278A2C9C000680F9 /* AppDelegate.swift */ = {isa = PBXFileReference; lastKnownFileType = sourcecode.swift; path = AppDelegate.swift; sourceTree = "<group>"; };
		E5E0255B278A2C9C000680F9 /* SceneDelegate.swift */ = {isa = PBXFileReference; lastKnownFileType = sourcecode.swift; path = SceneDelegate.swift; sourceTree = "<group>"; };
		E5E02562278A2C9D000680F9 /* Assets.xcassets */ = {isa = PBXFileReference; lastKnownFileType = folder.assetcatalog; path = Assets.xcassets; sourceTree = "<group>"; };
		E5E02565278A2C9D000680F9 /* Base */ = {isa = PBXFileReference; lastKnownFileType = file.storyboard; name = Base; path = Base.lproj/LaunchScreen.storyboard; sourceTree = "<group>"; };
		E5E02567278A2C9D000680F9 /* Info.plist */ = {isa = PBXFileReference; lastKnownFileType = text.plist.xml; path = Info.plist; sourceTree = "<group>"; };
		E5E52A4D278B1DB400E0516B /* ContentFactory.swift */ = {isa = PBXFileReference; lastKnownFileType = sourcecode.swift; path = ContentFactory.swift; sourceTree = "<group>"; };
		E5E52A4F278B1ED400E0516B /* TabBarManager.swift */ = {isa = PBXFileReference; lastKnownFileType = sourcecode.swift; path = TabBarManager.swift; sourceTree = "<group>"; };
		E5E52A51278B22F800E0516B /* content.json */ = {isa = PBXFileReference; lastKnownFileType = text.json; path = content.json; sourceTree = "<group>"; };
		E5E52A53278B47A000E0516B /* ItemsContentModel.swift */ = {isa = PBXFileReference; lastKnownFileType = sourcecode.swift; path = ItemsContentModel.swift; sourceTree = "<group>"; };
		E5E52A55278B482E00E0516B /* RadioPlayerViewController.swift */ = {isa = PBXFileReference; lastKnownFileType = sourcecode.swift; path = RadioPlayerViewController.swift; sourceTree = "<group>"; };
		E5E52A57278B484800E0516B /* WebviewViewController.swift */ = {isa = PBXFileReference; lastKnownFileType = sourcecode.swift; path = WebviewViewController.swift; sourceTree = "<group>"; };
/* End PBXFileReference section */

/* Begin PBXFrameworksBuildPhase section */
		E5E02553278A2C9C000680F9 /* Frameworks */ = {
			isa = PBXFrameworksBuildPhase;
			buildActionMask = 2147483647;
			files = (
			);
			runOnlyForDeploymentPostprocessing = 0;
		};
/* End PBXFrameworksBuildPhase section */

/* Begin PBXGroup section */
		E5E0254D278A2C9C000680F9 = {
			isa = PBXGroup;
			children = (
				E5E02558278A2C9C000680F9 /* Universal-App */,
				E5E02557278A2C9C000680F9 /* Products */,
			);
			sourceTree = "<group>";
		};
		E5E02557278A2C9C000680F9 /* Products */ = {
			isa = PBXGroup;
			children = (
				E5E02556278A2C9C000680F9 /* Universal-App.app */,
			);
			name = Products;
			sourceTree = "<group>";
		};
		E5E02558278A2C9C000680F9 /* Universal-App */ = {
			isa = PBXGroup;
			children = (
				E5E02559278A2C9C000680F9 /* AppDelegate.swift */,
				E5E0255B278A2C9C000680F9 /* SceneDelegate.swift */,
				E5E02562278A2C9D000680F9 /* Assets.xcassets */,
				E5E02564278A2C9D000680F9 /* LaunchScreen.storyboard */,
				E5E02567278A2C9D000680F9 /* Info.plist */,
				E5E52A4D278B1DB400E0516B /* ContentFactory.swift */,
				E5E52A4F278B1ED400E0516B /* TabBarManager.swift */,
				E5E52A51278B22F800E0516B /* content.json */,
				E5E52A53278B47A000E0516B /* ItemsContentModel.swift */,
				E5E52A55278B482E00E0516B /* RadioPlayerViewController.swift */,
				E5E52A57278B484800E0516B /* WebviewViewController.swift */,
			);
			path = "Universal-App";
			sourceTree = "<group>";
		};
/* End PBXGroup section */

/* Begin PBXNativeTarget section */
		E5E02555278A2C9C000680F9 /* Universal-App */ = {
			isa = PBXNativeTarget;
			buildConfigurationList = E5E0256A278A2C9D000680F9 /* Build configuration list for PBXNativeTarget "Universal-App" */;
			buildPhases = (
				E5E02552278A2C9C000680F9 /* Sources */,
				E5E02553278A2C9C000680F9 /* Frameworks */,
				E5E02554278A2C9C000680F9 /* Resources */,
			);
			buildRules = (
			);
			dependencies = (
			);
			name = "Universal-App";
			productName = "Universal-App";
			productReference = E5E02556278A2C9C000680F9 /* Universal-App.app */;
			productType = "com.apple.product-type.application";
		};
/* End PBXNativeTarget section */

/* Begin PBXProject section */
		E5E0254E278A2C9C000680F9 /* Project object */ = {
			isa = PBXProject;
			attributes = {
				BuildIndependentTargetsInParallel = 1;
				LastSwiftUpdateCheck = 1300;
				LastUpgradeCheck = 1300;
				TargetAttributes = {
					E5E02555278A2C9C000680F9 = {
						CreatedOnToolsVersion = 13.0;
					};
				};
			};
			buildConfigurationList = E5E02551278A2C9C000680F9 /* Build configuration list for PBXProject "Universal-App" */;
			compatibilityVersion = "Xcode 13.0";
			developmentRegion = en;
			hasScannedForEncodings = 0;
			knownRegions = (
				en,
				Base,
			);
			mainGroup = E5E0254D278A2C9C000680F9;
			productRefGroup = E5E02557278A2C9C000680F9 /* Products */;
			projectDirPath = "";
			projectRoot = "";
			targets = (
				E5E02555278A2C9C000680F9 /* Universal-App */,
			);
		};
/* End PBXProject section */

/* Begin PBXResourcesBuildPhase section */
		E5E02554278A2C9C000680F9 /* Resources */ = {
			isa = PBXResourcesBuildPhase;
			buildActionMask = 2147483647;
			files = (
				E5E02566278A2C9D000680F9 /* LaunchScreen.storyboard in Resources */,
				E5E02563278A2C9D000680F9 /* Assets.xcassets in Resources */,
				E5E52A52278B22F800E0516B /* content.json in Resources */,
			);
			runOnlyForDeploymentPostprocessing = 0;
		};
/* End PBXResourcesBuildPhase section */

/* Begin PBXSourcesBuildPhase section */
		E5E02552278A2C9C000680F9 /* Sources */ = {
			isa = PBXSourcesBuildPhase;
			buildActionMask = 2147483647;
			files = (
				E5E0255A278A2C9C000680F9 /* AppDelegate.swift in Sources */,
				E5E52A4E278B1DB400E0516B /* ContentFactory.swift in Sources */,
				E5E52A56278B482E00E0516B /* RadioPlayerViewController.swift in Sources */,
				E5E52A50278B1ED400E0516B /* TabBarManager.swift in Sources */,
				E5E0255C278A2C9C000680F9 /* SceneDelegate.swift in Sources */,
				E5E52A58278B484800E0516B /* WebviewViewController.swift in Sources */,
				E5E52A54278B47A000E0516B /* ItemsContentModel.swift in Sources */,
			);
			runOnlyForDeploymentPostprocessing = 0;
		};
/* End PBXSourcesBuildPhase section */

/* Begin PBXVariantGroup section */
		E5E02564278A2C9D000680F9 /* LaunchScreen.storyboard */ = {
			isa = PBXVariantGroup;
			children = (
				E5E02565278A2C9D000680F9 /* Base */,
			);
			name = LaunchScreen.storyboard;
			sourceTree = "<group>";
		};
/* End PBXVariantGroup section */

/* Begin XCBuildConfiguration section */
		E5E02568278A2C9D000680F9 /* Debug */ = {
			isa = XCBuildConfiguration;
			buildSettings = {
				ALWAYS_SEARCH_USER_PATHS = NO;
				CLANG_ANALYZER_NONNULL = YES;
				CLANG_ANALYZER_NUMBER_OBJECT_CONVERSION = YES_AGGRESSIVE;
				CLANG_CXX_LANGUAGE_STANDARD = "gnu++17";
				CLANG_CXX_LIBRARY = "libc++";
				CLANG_ENABLE_MODULES = YES;
				CLANG_ENABLE_OBJC_ARC = YES;
				CLANG_ENABLE_OBJC_WEAK = YES;
				CLANG_WARN_BLOCK_CAPTURE_AUTORELEASING = YES;
				CLANG_WARN_BOOL_CONVERSION = YES;
				CLANG_WARN_COMMA = YES;
				CLANG_WARN_CONSTANT_CONVERSION = YES;
				CLANG_WARN_DEPRECATED_OBJC_IMPLEMENTATIONS = YES;
				CLANG_WARN_DIRECT_OBJC_ISA_USAGE = YES_ERROR;
				CLANG_WARN_DOCUMENTATION_COMMENTS = YES;
				CLANG_WARN_EMPTY_BODY = YES;
				CLANG_WARN_ENUM_CONVERSION = YES;
				CLANG_WARN_INFINITE_RECURSION = YES;
				CLANG_WARN_INT_CONVERSION = YES;
				CLANG_WARN_NON_LITERAL_NULL_CONVERSION = YES;
				CLANG_WARN_OBJC_IMPLICIT_RETAIN_SELF = YES;
				CLANG_WARN_OBJC_LITERAL_CONVERSION = YES;
				CLANG_WARN_OBJC_ROOT_CLASS = YES_ERROR;
				CLANG_WARN_QUOTED_INCLUDE_IN_FRAMEWORK_HEADER = YES;
				CLANG_WARN_RANGE_LOOP_ANALYSIS = YES;
				CLANG_WARN_STRICT_PROTOTYPES = YES;
				CLANG_WARN_SUSPICIOUS_MOVE = YES;
				CLANG_WARN_UNGUARDED_AVAILABILITY = YES_AGGRESSIVE;
				CLANG_WARN_UNREACHABLE_CODE = YES;
				CLANG_WARN__DUPLICATE_METHOD_MATCH = YES;
				COPY_PHASE_STRIP = NO;
				DEBUG_INFORMATION_FORMAT = dwarf;
				ENABLE_STRICT_OBJC_MSGSEND = YES;
				ENABLE_TESTABILITY = YES;
				GCC_C_LANGUAGE_STANDARD = gnu11;
				GCC_DYNAMIC_NO_PIC = NO;
				GCC_NO_COMMON_BLOCKS = YES;
				GCC_OPTIMIZATION_LEVEL = 0;
				GCC_PREPROCESSOR_DEFINITIONS = (
					"DEBUG=1",
					"$(inherited)",
				);
				GCC_WARN_64_TO_32_BIT_CONVERSION = YES;
				GCC_WARN_ABOUT_RETURN_TYPE = YES_ERROR;
				GCC_WARN_UNDECLARED_SELECTOR = YES;
				GCC_WARN_UNINITIALIZED_AUTOS = YES_AGGRESSIVE;
				GCC_WARN_UNUSED_FUNCTION = YES;
				GCC_WARN_UNUSED_VARIABLE = YES;
				IPHONEOS_DEPLOYMENT_TARGET = 15.0;
				MTL_ENABLE_DEBUG_INFO = INCLUDE_SOURCE;
				MTL_FAST_MATH = YES;
				ONLY_ACTIVE_ARCH = YES;
				SDKROOT = iphoneos;
				SWIFT_ACTIVE_COMPILATION_CONDITIONS = DEBUG;
				SWIFT_OPTIMIZATION_LEVEL = "-Onone";
			};
			name = Debug;
		};
		E5E02569278A2C9D000680F9 /* Release */ = {
			isa = XCBuildConfiguration;
			buildSettings = {
				ALWAYS_SEARCH_USER_PATHS = NO;
				CLANG_ANALYZER_NONNULL = YES;
				CLANG_ANALYZER_NUMBER_OBJECT_CONVERSION = YES_AGGRESSIVE;
				CLANG_CXX_LANGUAGE_STANDARD = "gnu++17";
				CLANG_CXX_LIBRARY = "libc++";
				CLANG_ENABLE_MODULES = YES;
				CLANG_ENABLE_OBJC_ARC = YES;
				CLANG_ENABLE_OBJC_WEAK = YES;
				CLANG_WARN_BLOCK_CAPTURE_AUTORELEASING = YES;
				CLANG_WARN_BOOL_CONVERSION = YES;
				CLANG_WARN_COMMA = YES;
				CLANG_WARN_CONSTANT_CONVERSION = YES;
				CLANG_WARN_DEPRECATED_OBJC_IMPLEMENTATIONS = YES;
				CLANG_WARN_DIRECT_OBJC_ISA_USAGE = YES_ERROR;
				CLANG_WARN_DOCUMENTATION_COMMENTS = YES;
				CLANG_WARN_EMPTY_BODY = YES;
				CLANG_WARN_ENUM_CONVERSION = YES;
				CLANG_WARN_INFINITE_RECURSION = YES;
				CLANG_WARN_INT_CONVERSION = YES;
				CLANG_WARN_NON_LITERAL_NULL_CONVERSION = YES;
				CLANG_WARN_OBJC_IMPLICIT_RETAIN_SELF = YES;
				CLANG_WARN_OBJC_LITERAL_CONVERSION = YES;
				CLANG_WARN_OBJC_ROOT_CLASS = YES_ERROR;
				CLANG_WARN_QUOTED_INCLUDE_IN_FRAMEWORK_HEADER = YES;
				CLANG_WARN_RANGE_LOOP_ANALYSIS = YES;
				CLANG_WARN_STRICT_PROTOTYPES = YES;
				CLANG_WARN_SUSPICIOUS_MOVE = YES;
				CLANG_WARN_UNGUARDED_AVAILABILITY = YES_AGGRESSIVE;
				CLANG_WARN_UNREACHABLE_CODE = YES;
				CLANG_WARN__DUPLICATE_METHOD_MATCH = YES;
				COPY_PHASE_STRIP = NO;
				DEBUG_INFORMATION_FORMAT = "dwarf-with-dsym";
				ENABLE_NS_ASSERTIONS = NO;
				ENABLE_STRICT_OBJC_MSGSEND = YES;
				GCC_C_LANGUAGE_STANDARD = gnu11;
				GCC_NO_COMMON_BLOCKS = YES;
				GCC_WARN_64_TO_32_BIT_CONVERSION = YES;
				GCC_WARN_ABOUT_RETURN_TYPE = YES_ERROR;
				GCC_WARN_UNDECLARED_SELECTOR = YES;
				GCC_WARN_UNINITIALIZED_AUTOS = YES_AGGRESSIVE;
				GCC_WARN_UNUSED_FUNCTION = YES;
				GCC_WARN_UNUSED_VARIABLE = YES;
				IPHONEOS_DEPLOYMENT_TARGET = 15.0;
				MTL_ENABLE_DEBUG_INFO = NO;
				MTL_FAST_MATH = YES;
				SDKROOT = iphoneos;
				SWIFT_COMPILATION_MODE = wholemodule;
				SWIFT_OPTIMIZATION_LEVEL = "-O";
				VALIDATE_PRODUCT = YES;
			};
			name = Release;
		};
		E5E0256B278A2C9D000680F9 /* Debug */ = {
			isa = XCBuildConfiguration;
			buildSettings = {
				ASSETCATALOG_COMPILER_APPICON_NAME = AppIcon;
				ASSETCATALOG_COMPILER_GLOBAL_ACCENT_COLOR_NAME = AccentColor;
				CODE_SIGN_STYLE = Automatic;
				CURRENT_PROJECT_VERSION = 1.0;
				GENERATE_INFOPLIST_FILE = YES;
				INFOPLIST_FILE = "Universal-App/Info.plist";
				INFOPLIST_KEY_UIApplicationSupportsIndirectInputEvents = YES;
				INFOPLIST_KEY_UILaunchStoryboardName = LaunchScreen;
				INFOPLIST_KEY_UISupportedInterfaceOrientations_iPad = "UIInterfaceOrientationPortrait UIInterfaceOrientationPortraitUpsideDown UIInterfaceOrientationLandscapeLeft UIInterfaceOrientationLandscapeRight";
				INFOPLIST_KEY_UISupportedInterfaceOrientations_iPhone = "UIInterfaceOrientationPortrait UIInterfaceOrientationLandscapeLeft UIInterfaceOrientationLandscapeRight";
				IPHONEOS_DEPLOYMENT_TARGET = 13.0;
				LD_RUNPATH_SEARCH_PATHS = (
					"$(inherited)",
					"@executable_path/Frameworks",
				);
				MARKETING_VERSION = 1.0;
				PRODUCT_BUNDLE_IDENTIFIER = "com.patryk.Universal-App";
				PRODUCT_NAME = "$(TARGET_NAME)";
				SWIFT_EMIT_LOC_STRINGS = YES;
				SWIFT_VERSION = 5.0;
				TARGETED_DEVICE_FAMILY = "1,2";
			};
			name = Debug;
		};
		E5E0256C278A2C9D000680F9 /* Release */ = {
			isa = XCBuildConfiguration;
			buildSettings = {
				ASSETCATALOG_COMPILER_APPICON_NAME = AppIcon;
				ASSETCATALOG_COMPILER_GLOBAL_ACCENT_COLOR_NAME = AccentColor;
				CODE_SIGN_STYLE = Automatic;
				CURRENT_PROJECT_VERSION = 1.0;
				GENERATE_INFOPLIST_FILE = YES;
				INFOPLIST_FILE = "Universal-App/Info.plist";
				INFOPLIST_KEY_UIApplicationSupportsIndirectInputEvents = YES;
				INFOPLIST_KEY_UILaunchStoryboardName = LaunchScreen;
				INFOPLIST_KEY_UISupportedInterfaceOrientations_iPad = "UIInterfaceOrientationPortrait UIInterfaceOrientationPortraitUpsideDown UIInterfaceOrientationLandscapeLeft UIInterfaceOrientationLandscapeRight";
				INFOPLIST_KEY_UISupportedInterfaceOrientations_iPhone = "UIInterfaceOrientationPortrait UIInterfaceOrientationLandscapeLeft UIInterfaceOrientationLandscapeRight";
				IPHONEOS_DEPLOYMENT_TARGET = 13.0;
				LD_RUNPATH_SEARCH_PATHS = (
					"$(inherited)",
					"@executable_path/Frameworks",
				);
				MARKETING_VERSION = 1.0;
				PRODUCT_BUNDLE_IDENTIFIER = "com.patryk.Universal-App";
				PRODUCT_NAME = "$(TARGET_NAME)";
				SWIFT_EMIT_LOC_STRINGS = YES;
				SWIFT_VERSION = 5.0;
				TARGETED_DEVICE_FAMILY = "1,2";
			};
			name = Release;
		};
/* End XCBuildConfiguration section */

/* Begin XCConfigurationList section */
		E5E02551278A2C9C000680F9 /* Build configuration list for PBXProject "Universal-App" */ = {
			isa = XCConfigurationList;
			buildConfigurations = (
				E5E02568278A2C9D000680F9 /* Debug */,
				E5E02569278A2C9D000680F9 /* Release */,
			);
			defaultConfigurationIsVisible = 0;
			defaultConfigurationName = Release;
		};
		E5E0256A278A2C9D000680F9 /* Build configuration list for PBXNativeTarget "Universal-App" */ = {
			isa = XCConfigurationList;
			buildConfigurations = (
				E5E0256B278A2C9D000680F9 /* Debug */,
				E5E0256C278A2C9D000680F9 /* Release */,
			);
			defaultConfigurationIsVisible = 0;
			defaultConfigurationName = Release;
		};
/* End XCConfigurationList section */
	};
	rootObject = E5E0254E278A2C9C000680F9 /* Project object */;
}
